
Microsoft Visual Studio Solution File, Format Version 12.00
# Visual Studio Version 16
VisualStudioVersion = 16.0.30621.155
MinimumVisualStudioVersion = 10.0.40219.1
Project("{FAE04EC0-301F-11D3-BF4B-00C04F79EFBC}") = "control", "control.csproj", "{52F6C5FC-9B96-4C5C-8846-D9D699738B8A}"
EndProject
Global
	GlobalSection(SolutionConfigurationPlatforms) = preSolution
		Debug|Any CPU = Debug|Any CPU
		Debug|x86 = Debug|x86
		Release|Any CPU = Release|Any CPU
		Release|x86 = Release|x86
	EndGlobalSection
	GlobalSection(ProjectConfigurationPlatforms) = postSolution
		{52F6C5FC-9B96-4C5C-8846-D9D699738B8A}.Debug|Any CPU.ActiveCfg = Debug|x86
		{52F6C5FC-9B96-4C5C-8846-D9D699738B8A}.Debug|Any CPU.Build.0 = Debug|x86
		{52F6C5FC-9B96-4C5C-8846-D9D699738B8A}.Debug|x86.ActiveCfg = Debug|x86
		{52F6C5FC-9B96-4C5C-8846-D9D699738B8A}.Debug|x86.Build.0 = Debug|x86
		{52F6C5FC-9B96-4C5C-8846-D9D699738B8A}.Release|Any CPU.ActiveCfg = Release|Any CPU
		{52F6C5FC-9B96-4C5C-8846-D9D699738B8A}.Release|Any CPU.Build.0 = Release|Any CPU
		{52F6C5FC-9B96-4C5C-8846-D9D699738B8A}.Release|x86.ActiveCfg = Release|x86
		{52F6C5FC-9B96-4C5C-8846-D9D699738B8A}.Release|x86.Build.0 = Release|x86
	EndGlobalSection
	GlobalSection(SolutionProperties) = preSolution
		HideSolutionNode = FALSE
	EndGlobalSection
	GlobalSection(ExtensibilityGlobals) = postSolution
		SolutionGuid = {93029AC4-9493-4323-BC97-AF7287469463}
	EndGlobalSection
EndGlobal
